
Microsoft Visual Studio Solution File, Format Version 12.00
# Visual Studio 15
VisualStudioVersion = 15.0.27004.2002
MinimumVisualStudioVersion = 10.0.40219.1
Project("{FAE04EC0-301F-11D3-BF4B-00C04F79EFBC}") = "chatdotnet", "chatdotnet\chatdotnet.csproj", "{4A5C142D-BDA2-40DE-98EF-5C4A050AB28E}"
EndProject
Global
	GlobalSection(SolutionConfigurationPlatforms) = preSolution
		Debug|Any CPU = Debug|Any CPU
		Release|Any CPU = Release|Any CPU
	EndGlobalSection
	GlobalSection(ProjectConfigurationPlatforms) = postSolution
		{4A5C142D-BDA2-40DE-98EF-5C4A050AB28E}.Debug|Any CPU.ActiveCfg = Debug|Any CPU
		{4A5C142D-BDA2-40DE-98EF-5C4A050AB28E}.Debug|Any CPU.Build.0 = Debug|Any CPU
		{4A5C142D-BDA2-40DE-98EF-5C4A050AB28E}.Release|Any CPU.ActiveCfg = Release|Any CPU
		{4A5C142D-BDA2-40DE-98EF-5C4A050AB28E}.Release|Any CPU.Build.0 = Release|Any CPU
	EndGlobalSection
	GlobalSection(SolutionProperties) = preSolution
		HideSolutionNode = FALSE
	EndGlobalSection
	GlobalSection(ExtensibilityGlobals) = postSolution
		SolutionGuid = {B26C6608-7B3C-4C73-847A-6B7FCBC90606}
	EndGlobalSection
EndGlobal
